// !$*UTF8*$!
{
	archiveVersion = 1;
	classes = {
	};
	objectVersion = 46;
	objects = {

/* Begin PBXBuildFile section */
		9C0A60871C1F156000A890C5 /* AppDelegate.swift in Sources */ = {isa = PBXBuildFile; fileRef = 9C0A60861C1F156000A890C5 /* AppDelegate.swift */; };
		9C0A60891C1F156000A890C5 /* PopularViewController.swift in Sources */ = {isa = PBXBuildFile; fileRef = 9C0A60881C1F156000A890C5 /* PopularViewController.swift */; };
		9C0A608B1C1F156000A890C5 /* RecentViewController.swift in Sources */ = {isa = PBXBuildFile; fileRef = 9C0A608A1C1F156000A890C5 /* RecentViewController.swift */; };
		9C0A608E1C1F156000A890C5 /* Main.storyboard in Resources */ = {isa = PBXBuildFile; fileRef = 9C0A608C1C1F156000A890C5 /* Main.storyboard */; };
		9C0A60901C1F156000A890C5 /* Assets.xcassets in Resources */ = {isa = PBXBuildFile; fileRef = 9C0A608F1C1F156000A890C5 /* Assets.xcassets */; };
		9C0A60931C1F156000A890C5 /* LaunchScreen.storyboard in Resources */ = {isa = PBXBuildFile; fileRef = 9C0A60911C1F156000A890C5 /* LaunchScreen.storyboard */; };
		9C0A609E1C1F156000A890C5 /* GimmeTests.swift in Sources */ = {isa = PBXBuildFile; fileRef = 9C0A609D1C1F156000A890C5 /* GimmeTests.swift */; };
		9C0A60A91C1F156000A890C5 /* GimmeUITests.swift in Sources */ = {isa = PBXBuildFile; fileRef = 9C0A60A81C1F156000A890C5 /* GimmeUITests.swift */; };
		9C3FB51F1C2018F6005055F6 /* CategoriesViewController.swift in Sources */ = {isa = PBXBuildFile; fileRef = 9C3FB51E1C2018F6005055F6 /* CategoriesViewController.swift */; };
		9C3FB5231C201E0B005055F6 /* ProductService.swift in Sources */ = {isa = PBXBuildFile; fileRef = 9C3FB5221C201E0B005055F6 /* ProductService.swift */; };
		9C3FB5251C20564D005055F6 /* ProductTableViewCell.swift in Sources */ = {isa = PBXBuildFile; fileRef = 9C3FB5241C20564D005055F6 /* ProductTableViewCell.swift */; };
		9C3FB5271C20BD3E005055F6 /* ProductDetailViewController.swift in Sources */ = {isa = PBXBuildFile; fileRef = 9C3FB5261C20BD3E005055F6 /* ProductDetailViewController.swift */; };
		9C4CE1AB1C22170F00B595FA /* SearchViewController.swift in Sources */ = {isa = PBXBuildFile; fileRef = 9C4CE1AA1C22170F00B595FA /* SearchViewController.swift */; };
		9C4CE1AE1C22417400B595FA /* OpenSans-Regular.ttf in Resources */ = {isa = PBXBuildFile; fileRef = 9C4CE1AC1C22417400B595FA /* OpenSans-Regular.ttf */; };
		9C4CE1AF1C22417400B595FA /* OpenSans-Semibold.ttf in Resources */ = {isa = PBXBuildFile; fileRef = 9C4CE1AD1C22417400B595FA /* OpenSans-Semibold.ttf */; };
		9CBB8E301C200DB900A88464 /* ProfileViewController.swift in Sources */ = {isa = PBXBuildFile; fileRef = 9CBB8E2F1C200DB900A88464 /* ProfileViewController.swift */; };
		9CBB8E321C20115E00A88464 /* Product.swift in Sources */ = {isa = PBXBuildFile; fileRef = 9CBB8E311C20115E00A88464 /* Product.swift */; };
		D90CED5E4586427ED4C3F314 /* Pods_Gimme.framework in Frameworks */ = {isa = PBXBuildFile; fileRef = 54BFAA8BDD94259D21B3653A /* Pods_Gimme.framework */; };
/* End PBXBuildFile section */

/* Begin PBXContainerItemProxy section */
		9C0A609A1C1F156000A890C5 /* PBXContainerItemProxy */ = {
			isa = PBXContainerItemProxy;
			containerPortal = 9C0A607B1C1F156000A890C5 /* Project object */;
			proxyType = 1;
			remoteGlobalIDString = 9C0A60821C1F156000A890C5;
			remoteInfo = Gimme;
		};
		9C0A60A51C1F156000A890C5 /* PBXContainerItemProxy */ = {
			isa = PBXContainerItemProxy;
			containerPortal = 9C0A607B1C1F156000A890C5 /* Project object */;
			proxyType = 1;
			remoteGlobalIDString = 9C0A60821C1F156000A890C5;
			remoteInfo = Gimme;
		};
/* End PBXContainerItemProxy section */

/* Begin PBXFileReference section */
		54BFAA8BDD94259D21B3653A /* Pods_Gimme.framework */ = {isa = PBXFileReference; explicitFileType = wrapper.framework; includeInIndex = 0; path = Pods_Gimme.framework; sourceTree = BUILT_PRODUCTS_DIR; };
		8A2DE81EBE6DD72966415327 /* Pods-Gimme.release.xcconfig */ = {isa = PBXFileReference; includeInIndex = 1; lastKnownFileType = text.xcconfig; name = "Pods-Gimme.release.xcconfig"; path = "Pods/Target Support Files/Pods-Gimme/Pods-Gimme.release.xcconfig"; sourceTree = "<group>"; };
		9C0A60831C1F156000A890C5 /* Gimme.app */ = {isa = PBXFileReference; explicitFileType = wrapper.application; includeInIndex = 0; path = Gimme.app; sourceTree = BUILT_PRODUCTS_DIR; };
		9C0A60861C1F156000A890C5 /* AppDelegate.swift */ = {isa = PBXFileReference; lastKnownFileType = sourcecode.swift; path = AppDelegate.swift; sourceTree = "<group>"; };
		9C0A60881C1F156000A890C5 /* PopularViewController.swift */ = {isa = PBXFileReference; lastKnownFileType = sourcecode.swift; path = PopularViewController.swift; sourceTree = "<group>"; };
		9C0A608A1C1F156000A890C5 /* RecentViewController.swift */ = {isa = PBXFileReference; lastKnownFileType = sourcecode.swift; path = RecentViewController.swift; sourceTree = "<group>"; };
		9C0A608D1C1F156000A890C5 /* Base */ = {isa = PBXFileReference; lastKnownFileType = file.storyboard; name = Base; path = Base.lproj/Main.storyboard; sourceTree = "<group>"; };
		9C0A608F1C1F156000A890C5 /* Assets.xcassets */ = {isa = PBXFileReference; lastKnownFileType = folder.assetcatalog; path = Assets.xcassets; sourceTree = "<group>"; };
		9C0A60921C1F156000A890C5 /* Base */ = {isa = PBXFileReference; lastKnownFileType = file.storyboard; name = Base; path = Base.lproj/LaunchScreen.storyboard; sourceTree = "<group>"; };
		9C0A60941C1F156000A890C5 /* Info.plist */ = {isa = PBXFileReference; lastKnownFileType = text.plist.xml; path = Info.plist; sourceTree = "<group>"; };
		9C0A60991C1F156000A890C5 /* GimmeTests.xctest */ = {isa = PBXFileReference; explicitFileType = wrapper.cfbundle; includeInIndex = 0; path = GimmeTests.xctest; sourceTree = BUILT_PRODUCTS_DIR; };
		9C0A609D1C1F156000A890C5 /* GimmeTests.swift */ = {isa = PBXFileReference; lastKnownFileType = sourcecode.swift; path = GimmeTests.swift; sourceTree = "<group>"; };
		9C0A609F1C1F156000A890C5 /* Info.plist */ = {isa = PBXFileReference; lastKnownFileType = text.plist.xml; path = Info.plist; sourceTree = "<group>"; };
		9C0A60A41C1F156000A890C5 /* GimmeUITests.xctest */ = {isa = PBXFileReference; explicitFileType = wrapper.cfbundle; includeInIndex = 0; path = GimmeUITests.xctest; sourceTree = BUILT_PRODUCTS_DIR; };
		9C0A60A81C1F156000A890C5 /* GimmeUITests.swift */ = {isa = PBXFileReference; lastKnownFileType = sourcecode.swift; path = GimmeUITests.swift; sourceTree = "<group>"; };
		9C0A60AA1C1F156000A890C5 /* Info.plist */ = {isa = PBXFileReference; lastKnownFileType = text.plist.xml; path = Info.plist; sourceTree = "<group>"; };
		9C3FB51E1C2018F6005055F6 /* CategoriesViewController.swift */ = {isa = PBXFileReference; fileEncoding = 4; lastKnownFileType = sourcecode.swift; path = CategoriesViewController.swift; sourceTree = "<group>"; };
		9C3FB5201C201B32005055F6 /* Alamofire.swift */ = {isa = PBXFileReference; lastKnownFileType = sourcecode.swift; name = Alamofire.swift; path = Pods/Alamofire/Source/Alamofire.swift; sourceTree = "<group>"; };
		9C3FB5221C201E0B005055F6 /* ProductService.swift */ = {isa = PBXFileReference; fileEncoding = 4; lastKnownFileType = sourcecode.swift; path = ProductService.swift; sourceTree = "<group>"; };
		9C3FB5241C20564D005055F6 /* ProductTableViewCell.swift */ = {isa = PBXFileReference; fileEncoding = 4; lastKnownFileType = sourcecode.swift; path = ProductTableViewCell.swift; sourceTree = "<group>"; };
		9C3FB5261C20BD3E005055F6 /* ProductDetailViewController.swift */ = {isa = PBXFileReference; fileEncoding = 4; lastKnownFileType = sourcecode.swift; path = ProductDetailViewController.swift; sourceTree = "<group>"; };
		9C4CE1AA1C22170F00B595FA /* SearchViewController.swift */ = {isa = PBXFileReference; fileEncoding = 4; lastKnownFileType = sourcecode.swift; path = SearchViewController.swift; sourceTree = "<group>"; };
		9C4CE1AC1C22417400B595FA /* OpenSans-Regular.ttf */ = {isa = PBXFileReference; lastKnownFileType = file; path = "OpenSans-Regular.ttf"; sourceTree = "<group>"; };
		9C4CE1AD1C22417400B595FA /* OpenSans-Semibold.ttf */ = {isa = PBXFileReference; lastKnownFileType = file; path = "OpenSans-Semibold.ttf"; sourceTree = "<group>"; };
		9CBB8E2F1C200DB900A88464 /* ProfileViewController.swift */ = {isa = PBXFileReference; fileEncoding = 4; lastKnownFileType = sourcecode.swift; path = ProfileViewController.swift; sourceTree = "<group>"; };
		9CBB8E311C20115E00A88464 /* Product.swift */ = {isa = PBXFileReference; fileEncoding = 4; lastKnownFileType = sourcecode.swift; path = Product.swift; sourceTree = "<group>"; };
		9CBB8E331C20169900A88464 /* Podfile */ = {isa = PBXFileReference; lastKnownFileType = text; path = Podfile; sourceTree = "<group>"; };
		CCD1A967EC5AAAD02766912F /* Pods-Gimme.debug.xcconfig */ = {isa = PBXFileReference; includeInIndex = 1; lastKnownFileType = text.xcconfig; name = "Pods-Gimme.debug.xcconfig"; path = "Pods/Target Support Files/Pods-Gimme/Pods-Gimme.debug.xcconfig"; sourceTree = "<group>"; };
/* End PBXFileReference section */

/* Begin PBXFrameworksBuildPhase section */
		9C0A60801C1F156000A890C5 /* Frameworks */ = {
			isa = PBXFrameworksBuildPhase;
			buildActionMask = 2147483647;
			files = (
				D90CED5E4586427ED4C3F314 /* Pods_Gimme.framework in Frameworks */,
			);
			runOnlyForDeploymentPostprocessing = 0;
		};
		9C0A60961C1F156000A890C5 /* Frameworks */ = {
			isa = PBXFrameworksBuildPhase;
			buildActionMask = 2147483647;
			files = (
			);
			runOnlyForDeploymentPostprocessing = 0;
		};
		9C0A60A11C1F156000A890C5 /* Frameworks */ = {
			isa = PBXFrameworksBuildPhase;
			buildActionMask = 2147483647;
			files = (
			);
			runOnlyForDeploymentPostprocessing = 0;
		};
/* End PBXFrameworksBuildPhase section */

/* Begin PBXGroup section */
		473E210C16A6F6A0E258BD0E /* Frameworks */ = {
			isa = PBXGroup;
			children = (
				9C3FB5201C201B32005055F6 /* Alamofire.swift */,
				54BFAA8BDD94259D21B3653A /* Pods_Gimme.framework */,
			);
			name = Frameworks;
			sourceTree = "<group>";
		};
		80AA01DC47E6E023B546D5D4 /* Pods */ = {
			isa = PBXGroup;
			children = (
				CCD1A967EC5AAAD02766912F /* Pods-Gimme.debug.xcconfig */,
				8A2DE81EBE6DD72966415327 /* Pods-Gimme.release.xcconfig */,
			);
			name = Pods;
			sourceTree = "<group>";
		};
		9C0A607A1C1F156000A890C5 = {
			isa = PBXGroup;
			children = (
				9CBB8E331C20169900A88464 /* Podfile */,
				9C0A60851C1F156000A890C5 /* Gimme */,
				9C0A609C1C1F156000A890C5 /* GimmeTests */,
				9C0A60A71C1F156000A890C5 /* GimmeUITests */,
				9C0A60841C1F156000A890C5 /* Products */,
				80AA01DC47E6E023B546D5D4 /* Pods */,
				473E210C16A6F6A0E258BD0E /* Frameworks */,
			);
			sourceTree = "<group>";
		};
		9C0A60841C1F156000A890C5 /* Products */ = {
			isa = PBXGroup;
			children = (
				9C0A60831C1F156000A890C5 /* Gimme.app */,
				9C0A60991C1F156000A890C5 /* GimmeTests.xctest */,
				9C0A60A41C1F156000A890C5 /* GimmeUITests.xctest */,
			);
			name = Products;
			sourceTree = "<group>";
		};
		9C0A60851C1F156000A890C5 /* Gimme */ = {
			isa = PBXGroup;
			children = (
				9C4CE1AC1C22417400B595FA /* OpenSans-Regular.ttf */,
				9C4CE1AD1C22417400B595FA /* OpenSans-Semibold.ttf */,
				9C0A60861C1F156000A890C5 /* AppDelegate.swift */,
				9C0A60881C1F156000A890C5 /* PopularViewController.swift */,
				9C0A608A1C1F156000A890C5 /* RecentViewController.swift */,
				9C3FB51E1C2018F6005055F6 /* CategoriesViewController.swift */,
				9CBB8E2F1C200DB900A88464 /* ProfileViewController.swift */,
				9C4CE1AA1C22170F00B595FA /* SearchViewController.swift */,
				9C3FB5261C20BD3E005055F6 /* ProductDetailViewController.swift */,
				9C0A608C1C1F156000A890C5 /* Main.storyboard */,
				9C0A608F1C1F156000A890C5 /* Assets.xcassets */,
				9C0A60911C1F156000A890C5 /* LaunchScreen.storyboard */,
				9C0A60941C1F156000A890C5 /* Info.plist */,
				9CBB8E311C20115E00A88464 /* Product.swift */,
				9C3FB5241C20564D005055F6 /* ProductTableViewCell.swift */,
				9C3FB5221C201E0B005055F6 /* ProductService.swift */,
			);
			path = Gimme;
			sourceTree = "<group>";
		};
		9C0A609C1C1F156000A890C5 /* GimmeTests */ = {
			isa = PBXGroup;
			children = (
				9C0A609D1C1F156000A890C5 /* GimmeTests.swift */,
				9C0A609F1C1F156000A890C5 /* Info.plist */,
			);
			path = GimmeTests;
			sourceTree = "<group>";
		};
		9C0A60A71C1F156000A890C5 /* GimmeUITests */ = {
			isa = PBXGroup;
			children = (
				9C0A60A81C1F156000A890C5 /* GimmeUITests.swift */,
				9C0A60AA1C1F156000A890C5 /* Info.plist */,
			);
			path = GimmeUITests;
			sourceTree = "<group>";
		};
/* End PBXGroup section */

/* Begin PBXNativeTarget section */
		9C0A60821C1F156000A890C5 /* Gimme */ = {
			isa = PBXNativeTarget;
			buildConfigurationList = 9C0A60AD1C1F156000A890C5 /* Build configuration list for PBXNativeTarget "Gimme" */;
			buildPhases = (
				D3D630F4EFB2F1C1E55700CC /* Check Pods Manifest.lock */,
				9C0A607F1C1F156000A890C5 /* Sources */,
				9C0A60801C1F156000A890C5 /* Frameworks */,
				9C0A60811C1F156000A890C5 /* Resources */,
				20520BBC6FB7DDA7114444AD /* Embed Pods Frameworks */,
				2C84375377B2521C10E3F67F /* Copy Pods Resources */,
			);
			buildRules = (
			);
			dependencies = (
			);
			name = Gimme;
			productName = Gimme;
			productReference = 9C0A60831C1F156000A890C5 /* Gimme.app */;
			productType = "com.apple.product-type.application";
		};
		9C0A60981C1F156000A890C5 /* GimmeTests */ = {
			isa = PBXNativeTarget;
			buildConfigurationList = 9C0A60B01C1F156000A890C5 /* Build configuration list for PBXNativeTarget "GimmeTests" */;
			buildPhases = (
				9C0A60951C1F156000A890C5 /* Sources */,
				9C0A60961C1F156000A890C5 /* Frameworks */,
				9C0A60971C1F156000A890C5 /* Resources */,
			);
			buildRules = (
			);
			dependencies = (
				9C0A609B1C1F156000A890C5 /* PBXTargetDependency */,
			);
			name = GimmeTests;
			productName = GimmeTests;
			productReference = 9C0A60991C1F156000A890C5 /* GimmeTests.xctest */;
			productType = "com.apple.product-type.bundle.unit-test";
		};
		9C0A60A31C1F156000A890C5 /* GimmeUITests */ = {
			isa = PBXNativeTarget;
			buildConfigurationList = 9C0A60B31C1F156000A890C5 /* Build configuration list for PBXNativeTarget "GimmeUITests" */;
			buildPhases = (
				9C0A60A01C1F156000A890C5 /* Sources */,
				9C0A60A11C1F156000A890C5 /* Frameworks */,
				9C0A60A21C1F156000A890C5 /* Resources */,
			);
			buildRules = (
			);
			dependencies = (
				9C0A60A61C1F156000A890C5 /* PBXTargetDependency */,
			);
			name = GimmeUITests;
			productName = GimmeUITests;
			productReference = 9C0A60A41C1F156000A890C5 /* GimmeUITests.xctest */;
			productType = "com.apple.product-type.bundle.ui-testing";
		};
/* End PBXNativeTarget section */

/* Begin PBXProject section */
		9C0A607B1C1F156000A890C5 /* Project object */ = {
			isa = PBXProject;
			attributes = {
				LastSwiftUpdateCheck = 0720;
				LastUpgradeCheck = 0720;
				ORGANIZATIONNAME = "Maxime Guioneau";
				TargetAttributes = {
					9C0A60821C1F156000A890C5 = {
						CreatedOnToolsVersion = 7.2;
					};
					9C0A60981C1F156000A890C5 = {
						CreatedOnToolsVersion = 7.2;
						TestTargetID = 9C0A60821C1F156000A890C5;
					};
					9C0A60A31C1F156000A890C5 = {
						CreatedOnToolsVersion = 7.2;
						TestTargetID = 9C0A60821C1F156000A890C5;
					};
				};
			};
			buildConfigurationList = 9C0A607E1C1F156000A890C5 /* Build configuration list for PBXProject "Gimme" */;
			compatibilityVersion = "Xcode 3.2";
			developmentRegion = English;
			hasScannedForEncodings = 0;
			knownRegions = (
				en,
				Base,
			);
			mainGroup = 9C0A607A1C1F156000A890C5;
			productRefGroup = 9C0A60841C1F156000A890C5 /* Products */;
			projectDirPath = "";
			projectRoot = "";
			targets = (
				9C0A60821C1F156000A890C5 /* Gimme */,
				9C0A60981C1F156000A890C5 /* GimmeTests */,
				9C0A60A31C1F156000A890C5 /* GimmeUITests */,
			);
		};
/* End PBXProject section */

/* Begin PBXResourcesBuildPhase section */
		9C0A60811C1F156000A890C5 /* Resources */ = {
			isa = PBXResourcesBuildPhase;
			buildActionMask = 2147483647;
			files = (
				9C0A60931C1F156000A890C5 /* LaunchScreen.storyboard in Resources */,
				9C0A60901C1F156000A890C5 /* Assets.xcassets in Resources */,
				9C4CE1AE1C22417400B595FA /* OpenSans-Regular.ttf in Resources */,
				9C0A608E1C1F156000A890C5 /* Main.storyboard in Resources */,
				9C4CE1AF1C22417400B595FA /* OpenSans-Semibold.ttf in Resources */,
			);
			runOnlyForDeploymentPostprocessing = 0;
		};
		9C0A60971C1F156000A890C5 /* Resources */ = {
			isa = PBXResourcesBuildPhase;
			buildActionMask = 2147483647;
			files = (
			);
			runOnlyForDeploymentPostprocessing = 0;
		};
		9C0A60A21C1F156000A890C5 /* Resources */ = {
			isa = PBXResourcesBuildPhase;
			buildActionMask = 2147483647;
			files = (
			);
			runOnlyForDeploymentPostprocessing = 0;
		};
/* End PBXResourcesBuildPhase section */

/* Begin PBXShellScriptBuildPhase section */
		20520BBC6FB7DDA7114444AD /* Embed Pods Frameworks */ = {
			isa = PBXShellScriptBuildPhase;
			buildActionMask = 2147483647;
			files = (
			);
			inputPaths = (
			);
			name = "Embed Pods Frameworks";
			outputPaths = (
			);
			runOnlyForDeploymentPostprocessing = 0;
			shellPath = /bin/sh;
			shellScript = "\"${SRCROOT}/Pods/Target Support Files/Pods-Gimme/Pods-Gimme-frameworks.sh\"\n";
			showEnvVarsInLog = 0;
		};
		2C84375377B2521C10E3F67F /* Copy Pods Resources */ = {
			isa = PBXShellScriptBuildPhase;
			buildActionMask = 2147483647;
			files = (
			);
			inputPaths = (
			);
			name = "Copy Pods Resources";
			outputPaths = (
			);
			runOnlyForDeploymentPostprocessing = 0;
			shellPath = /bin/sh;
			shellScript = "\"${SRCROOT}/Pods/Target Support Files/Pods-Gimme/Pods-Gimme-resources.sh\"\n";
			showEnvVarsInLog = 0;
		};
		D3D630F4EFB2F1C1E55700CC /* Check Pods Manifest.lock */ = {
			isa = PBXShellScriptBuildPhase;
			buildActionMask = 2147483647;
			files = (
			);
			inputPaths = (
			);
			name = "Check Pods Manifest.lock";
			outputPaths = (
			);
			runOnlyForDeploymentPostprocessing = 0;
			shellPath = /bin/sh;
			shellScript = "diff \"${PODS_ROOT}/../Podfile.lock\" \"${PODS_ROOT}/Manifest.lock\" > /dev/null\nif [[ $? != 0 ]] ; then\n    cat << EOM\nerror: The sandbox is not in sync with the Podfile.lock. Run 'pod install' or update your CocoaPods installation.\nEOM\n    exit 1\nfi\n";
			showEnvVarsInLog = 0;
		};
/* End PBXShellScriptBuildPhase section */

/* Begin PBXSourcesBuildPhase section */
		9C0A607F1C1F156000A890C5 /* Sources */ = {
			isa = PBXSourcesBuildPhase;
			buildActionMask = 2147483647;
			files = (
				9C4CE1AB1C22170F00B595FA /* SearchViewController.swift in Sources */,
				9C0A608B1C1F156000A890C5 /* RecentViewController.swift in Sources */,
				9C3FB5251C20564D005055F6 /* ProductTableViewCell.swift in Sources */,
				9C3FB5271C20BD3E005055F6 /* ProductDetailViewController.swift in Sources */,
				9CBB8E301C200DB900A88464 /* ProfileViewController.swift in Sources */,
				9C3FB51F1C2018F6005055F6 /* CategoriesViewController.swift in Sources */,
				9C0A60871C1F156000A890C5 /* AppDelegate.swift in Sources */,
				9C0A60891C1F156000A890C5 /* PopularViewController.swift in Sources */,
				9C3FB5231C201E0B005055F6 /* ProductService.swift in Sources */,
				9CBB8E321C20115E00A88464 /* Product.swift in Sources */,
			);
			runOnlyForDeploymentPostprocessing = 0;
		};
		9C0A60951C1F156000A890C5 /* Sources */ = {
			isa = PBXSourcesBuildPhase;
			buildActionMask = 2147483647;
			files = (
				9C0A609E1C1F156000A890C5 /* GimmeTests.swift in Sources */,
			);
			runOnlyForDeploymentPostprocessing = 0;
		};
		9C0A60A01C1F156000A890C5 /* Sources */ = {
			isa = PBXSourcesBuildPhase;
			buildActionMask = 2147483647;
			files = (
				9C0A60A91C1F156000A890C5 /* GimmeUITests.swift in Sources */,
			);
			runOnlyForDeploymentPostprocessing = 0;
		};
/* End PBXSourcesBuildPhase section */

/* Begin PBXTargetDependency section */
		9C0A609B1C1F156000A890C5 /* PBXTargetDependency */ = {
			isa = PBXTargetDependency;
			target = 9C0A60821C1F156000A890C5 /* Gimme */;
			targetProxy = 9C0A609A1C1F156000A890C5 /* PBXContainerItemProxy */;
		};
		9C0A60A61C1F156000A890C5 /* PBXTargetDependency */ = {
			isa = PBXTargetDependency;
			target = 9C0A60821C1F156000A890C5 /* Gimme */;
			targetProxy = 9C0A60A51C1F156000A890C5 /* PBXContainerItemProxy */;
		};
/* End PBXTargetDependency section */

/* Begin PBXVariantGroup section */
		9C0A608C1C1F156000A890C5 /* Main.storyboard */ = {
			isa = PBXVariantGroup;
			children = (
				9C0A608D1C1F156000A890C5 /* Base */,
			);
			name = Main.storyboard;
			sourceTree = "<group>";
		};
		9C0A60911C1F156000A890C5 /* LaunchScreen.storyboard */ = {
			isa = PBXVariantGroup;
			children = (
				9C0A60921C1F156000A890C5 /* Base */,
			);
			name = LaunchScreen.storyboard;
			sourceTree = "<group>";
		};
/* End PBXVariantGroup section */

/* Begin XCBuildConfiguration section */
		9C0A60AB1C1F156000A890C5 /* Debug */ = {
			isa = XCBuildConfiguration;
			buildSettings = {
				ALWAYS_SEARCH_USER_PATHS = NO;
				CLANG_CXX_LANGUAGE_STANDARD = "gnu++0x";
				CLANG_CXX_LIBRARY = "libc++";
				CLANG_ENABLE_MODULES = YES;
				CLANG_ENABLE_OBJC_ARC = YES;
				CLANG_WARN_BOOL_CONVERSION = YES;
				CLANG_WARN_CONSTANT_CONVERSION = YES;
				CLANG_WARN_DIRECT_OBJC_ISA_USAGE = YES_ERROR;
				CLANG_WARN_EMPTY_BODY = YES;
				CLANG_WARN_ENUM_CONVERSION = YES;
				CLANG_WARN_INT_CONVERSION = YES;
				CLANG_WARN_OBJC_ROOT_CLASS = YES_ERROR;
				CLANG_WARN_UNREACHABLE_CODE = YES;
				CLANG_WARN__DUPLICATE_METHOD_MATCH = YES;
				"CODE_SIGN_IDENTITY[sdk=iphoneos*]" = "iPhone Developer";
				COPY_PHASE_STRIP = NO;
				DEBUG_INFORMATION_FORMAT = dwarf;
				ENABLE_STRICT_OBJC_MSGSEND = YES;
				ENABLE_TESTABILITY = YES;
				GCC_C_LANGUAGE_STANDARD = gnu99;
				GCC_DYNAMIC_NO_PIC = NO;
				GCC_NO_COMMON_BLOCKS = YES;
				GCC_OPTIMIZATION_LEVEL = 0;
				GCC_PREPROCESSOR_DEFINITIONS = (
					"DEBUG=1",
					"$(inherited)",
				);
				GCC_WARN_64_TO_32_BIT_CONVERSION = YES;
				GCC_WARN_ABOUT_RETURN_TYPE = YES_ERROR;
				GCC_WARN_UNDECLARED_SELECTOR = YES;
				GCC_WARN_UNINITIALIZED_AUTOS = YES_AGGRESSIVE;
				GCC_WARN_UNUSED_FUNCTION = YES;
				GCC_WARN_UNUSED_VARIABLE = YES;
				IPHONEOS_DEPLOYMENT_TARGET = 9.2;
				MTL_ENABLE_DEBUG_INFO = YES;
				ONLY_ACTIVE_ARCH = YES;
				SDKROOT = iphoneos;
				SWIFT_OPTIMIZATION_LEVEL = "-Onone";
			};
			name = Debug;
		};
		9C0A60AC1C1F156000A890C5 /* Release */ = {
			isa = XCBuildConfiguration;
			buildSettings = {
				ALWAYS_SEARCH_USER_PATHS = NO;
				CLANG_CXX_LANGUAGE_STANDARD = "gnu++0x";
				CLANG_CXX_LIBRARY = "libc++";
				CLANG_ENABLE_MODULES = YES;
				CLANG_ENABLE_OBJC_ARC = YES;
				CLANG_WARN_BOOL_CONVERSION = YES;
				CLANG_WARN_CONSTANT_CONVERSION = YES;
				CLANG_WARN_DIRECT_OBJC_ISA_USAGE = YES_ERROR;
				CLANG_WARN_EMPTY_BODY = YES;
				CLANG_WARN_ENUM_CONVERSION = YES;
				CLANG_WARN_INT_CONVERSION = YES;
				CLANG_WARN_OBJC_ROOT_CLASS = YES_ERROR;
				CLANG_WARN_UNREACHABLE_CODE = YES;
				CLANG_WARN__DUPLICATE_METHOD_MATCH = YES;
				"CODE_SIGN_IDENTITY[sdk=iphoneos*]" = "iPhone Developer";
				COPY_PHASE_STRIP = NO;
				DEBUG_INFORMATION_FORMAT = "dwarf-with-dsym";
				ENABLE_NS_ASSERTIONS = NO;
				ENABLE_STRICT_OBJC_MSGSEND = YES;
				GCC_C_LANGUAGE_STANDARD = gnu99;
				GCC_NO_COMMON_BLOCKS = YES;
				GCC_WARN_64_TO_32_BIT_CONVERSION = YES;
				GCC_WARN_ABOUT_RETURN_TYPE = YES_ERROR;
				GCC_WARN_UNDECLARED_SELECTOR = YES;
				GCC_WARN_UNINITIALIZED_AUTOS = YES_AGGRESSIVE;
				GCC_WARN_UNUSED_FUNCTION = YES;
				GCC_WARN_UNUSED_VARIABLE = YES;
				IPHONEOS_DEPLOYMENT_TARGET = 9.2;
				MTL_ENABLE_DEBUG_INFO = NO;
				SDKROOT = iphoneos;
				VALIDATE_PRODUCT = YES;
			};
			name = Release;
		};
		9C0A60AE1C1F156000A890C5 /* Debug */ = {
			isa = XCBuildConfiguration;
			baseConfigurationReference = CCD1A967EC5AAAD02766912F /* Pods-Gimme.debug.xcconfig */;
			buildSettings = {
				ASSETCATALOG_COMPILER_APPICON_NAME = AppIcon;
				INFOPLIST_FILE = Gimme/Info.plist;
				LD_RUNPATH_SEARCH_PATHS = "$(inherited) @executable_path/Frameworks";
				PRODUCT_BUNDLE_IDENTIFIER = wish.Gimme;
				PRODUCT_NAME = "$(TARGET_NAME)";
			};
			name = Debug;
		};
		9C0A60AF1C1F156000A890C5 /* Release */ = {
			isa = XCBuildConfiguration;
			baseConfigurationReference = 8A2DE81EBE6DD72966415327 /* Pods-Gimme.release.xcconfig */;
			buildSettings = {
				ASSETCATALOG_COMPILER_APPICON_NAME = AppIcon;
				INFOPLIST_FILE = Gimme/Info.plist;
				LD_RUNPATH_SEARCH_PATHS = "$(inherited) @executable_path/Frameworks";
				PRODUCT_BUNDLE_IDENTIFIER = wish.Gimme;
				PRODUCT_NAME = "$(TARGET_NAME)";
			};
			name = Release;
		};
		9C0A60B11C1F156000A890C5 /* Debug */ = {
			isa = XCBuildConfiguration;
			buildSettings = {
				BUNDLE_LOADER = "$(TEST_HOST)";
				INFOPLIST_FILE = GimmeTests/Info.plist;
				LD_RUNPATH_SEARCH_PATHS = "$(inherited) @executable_path/Frameworks @loader_path/Frameworks";
				PRODUCT_BUNDLE_IDENTIFIER = wish.GimmeTests;
				PRODUCT_NAME = "$(TARGET_NAME)";
				TEST_HOST = "$(BUILT_PRODUCTS_DIR)/Gimme.app/Gimme";
			};
			name = Debug;
		};
		9C0A60B21C1F156000A890C5 /* Release */ = {
			isa = XCBuildConfiguration;
			buildSettings = {
				BUNDLE_LOADER = "$(TEST_HOST)";
				INFOPLIST_FILE = GimmeTests/Info.plist;
				LD_RUNPATH_SEARCH_PATHS = "$(inherited) @executable_path/Frameworks @loader_path/Frameworks";
				PRODUCT_BUNDLE_IDENTIFIER = wish.GimmeTests;
				PRODUCT_NAME = "$(TARGET_NAME)";
				TEST_HOST = "$(BUILT_PRODUCTS_DIR)/Gimme.app/Gimme";
			};
			name = Release;
		};
		9C0A60B41C1F156000A890C5 /* Debug */ = {
			isa = XCBuildConfiguration;
			buildSettings = {
				INFOPLIST_FILE = GimmeUITests/Info.plist;
				LD_RUNPATH_SEARCH_PATHS = "$(inherited) @executable_path/Frameworks @loader_path/Frameworks";
				PRODUCT_BUNDLE_IDENTIFIER = wish.GimmeUITests;
				PRODUCT_NAME = "$(TARGET_NAME)";
				TEST_TARGET_NAME = Gimme;
				USES_XCTRUNNER = YES;
			};
			name = Debug;
		};
		9C0A60B51C1F156000A890C5 /* Release */ = {
			isa = XCBuildConfiguration;
			buildSettings = {
				INFOPLIST_FILE = GimmeUITests/Info.plist;
				LD_RUNPATH_SEARCH_PATHS = "$(inherited) @executable_path/Frameworks @loader_path/Frameworks";
				PRODUCT_BUNDLE_IDENTIFIER = wish.GimmeUITests;
				PRODUCT_NAME = "$(TARGET_NAME)";
				TEST_TARGET_NAME = Gimme;
				USES_XCTRUNNER = YES;
			};
			name = Release;
		};
/* End XCBuildConfiguration section */

/* Begin XCConfigurationList section */
		9C0A607E1C1F156000A890C5 /* Build configuration list for PBXProject "Gimme" */ = {
			isa = XCConfigurationList;
			buildConfigurations = (
				9C0A60AB1C1F156000A890C5 /* Debug */,
				9C0A60AC1C1F156000A890C5 /* Release */,
			);
			defaultConfigurationIsVisible = 0;
			defaultConfigurationName = Release;
		};
		9C0A60AD1C1F156000A890C5 /* Build configuration list for PBXNativeTarget "Gimme" */ = {
			isa = XCConfigurationList;
			buildConfigurations = (
				9C0A60AE1C1F156000A890C5 /* Debug */,
				9C0A60AF1C1F156000A890C5 /* Release */,
			);
			defaultConfigurationIsVisible = 0;
			defaultConfigurationName = Release;
		};
		9C0A60B01C1F156000A890C5 /* Build configuration list for PBXNativeTarget "GimmeTests" */ = {
			isa = XCConfigurationList;
			buildConfigurations = (
				9C0A60B11C1F156000A890C5 /* Debug */,
				9C0A60B21C1F156000A890C5 /* Release */,
			);
			defaultConfigurationIsVisible = 0;
			defaultConfigurationName = Release;
		};
		9C0A60B31C1F156000A890C5 /* Build configuration list for PBXNativeTarget "GimmeUITests" */ = {
			isa = XCConfigurationList;
			buildConfigurations = (
				9C0A60B41C1F156000A890C5 /* Debug */,
				9C0A60B51C1F156000A890C5 /* Release */,
			);
			defaultConfigurationIsVisible = 0;
			defaultConfigurationName = Release;
		};
/* End XCConfigurationList section */
	};
	rootObject = 9C0A607B1C1F156000A890C5 /* Project object */;
}
